{
  "name": "agent-smith",
  "version": "0.1.0",
  "lockfileVersion": 3,
  "requires": true,
  "packages": {
    "": {
      "name": "agent-smith",
      "version": "0.1.0",
      "dependencies": {
        "supermemory": "^3.14.0"
      },
      "bin": {
        "smith": "bin/smith.js"
      },
      "engines": {
        "node": ">=18"
      }
    },
    "node_modules/supermemory": {
      "version": "3.14.0",
      "resolved": "https://registry.npmjs.org/supermemory/-/supermemory-3.14.0.tgz",
      "integrity": "sha512-gy1C6B4wUHEIOjmvDqW6GRttEdr0TZFFZ2YVU5eTCXELPQ0zjxgwudmg2kLPI6dEIITUxw1Q6n1c+vm4ro0KSg==",
      "license": "Apache-2.0"
    }
  }
}
